
Microsoft Visual Studio Solution File, Format Version 12.00
# Visual Studio Version 17
VisualStudioVersion = 17.5.33516.290
MinimumVisualStudioVersion = 10.0.40219.1
Project("{9A19103F-16F7-4668-BE54-9A1E7A4F7556}") = "Study.HR", "Study.HR\Study.HR.csproj", "{7B865008-9633-462B-AE65-8798F5596A0C}"
EndProject
Project("{9A19103F-16F7-4668-BE54-9A1E7A4F7556}") = "Study.HR.Core", "Study.HR.Core\Study.HR.Core.csproj", "{FFC0E0E6-5E60-4B99-BBF1-D8B8999290A2}"
EndProject
Project("{9A19103F-16F7-4668-BE54-9A1E7A4F7556}") = "Study.HR.Data", "Study.HR.Data\Study.HR.Data.csproj", "{FCF5C195-23C5-464D-97D2-83CB644AD57E}"
EndProject
Global
	GlobalSection(SolutionConfigurationPlatforms) = preSolution
		Debug|Any CPU = Debug|Any CPU
		Release|Any CPU = Release|Any CPU
	EndGlobalSection
	GlobalSection(ProjectConfigurationPlatforms) = postSolution
		{7B865008-9633-462B-AE65-8798F5596A0C}.Debug|Any CPU.ActiveCfg = Debug|Any CPU
		{7B865008-9633-462B-AE65-8798F5596A0C}.Debug|Any CPU.Build.0 = Debug|Any CPU
		{7B865008-9633-462B-AE65-8798F5596A0C}.Release|Any CPU.ActiveCfg = Release|Any CPU
		{7B865008-9633-462B-AE65-8798F5596A0C}.Release|Any CPU.Build.0 = Release|Any CPU
		{FFC0E0E6-5E60-4B99-BBF1-D8B8999290A2}.Debug|Any CPU.ActiveCfg = Debug|Any CPU
		{FFC0E0E6-5E60-4B99-BBF1-D8B8999290A2}.Debug|Any CPU.Build.0 = Debug|Any CPU
		{FFC0E0E6-5E60-4B99-BBF1-D8B8999290A2}.Release|Any CPU.ActiveCfg = Release|Any CPU
		{FFC0E0E6-5E60-4B99-BBF1-D8B8999290A2}.Release|Any CPU.Build.0 = Release|Any CPU
		{FCF5C195-23C5-464D-97D2-83CB644AD57E}.Debug|Any CPU.ActiveCfg = Debug|Any CPU
		{FCF5C195-23C5-464D-97D2-83CB644AD57E}.Debug|Any CPU.Build.0 = Debug|Any CPU
		{FCF5C195-23C5-464D-97D2-83CB644AD57E}.Release|Any CPU.ActiveCfg = Release|Any CPU
		{FCF5C195-23C5-464D-97D2-83CB644AD57E}.Release|Any CPU.Build.0 = Release|Any CPU
	EndGlobalSection
	GlobalSection(SolutionProperties) = preSolution
		HideSolutionNode = FALSE
	EndGlobalSection
	GlobalSection(ExtensibilityGlobals) = postSolution
		SolutionGuid = {D66E2727-C82C-4DEC-AE19-1B2FF028C159}
	EndGlobalSection
EndGlobal
